// !$*UTF8*$!
{
	archiveVersion = 1;
	classes = {
	};
	objectVersion = 46;
	objects = {

/* Begin PBXBuildFile section */
		823BC0F41B5F7496007B3957 /* AppDelegate.swift in Sources */ = {isa = PBXBuildFile; fileRef = 823BC0E41B5F7496007B3957 /* AppDelegate.swift */; };
		825A44EA1B66211B0095952B /* HomeVC~ipad.swift in Sources */ = {isa = PBXBuildFile; fileRef = 825A44E81B66211B0095952B /* HomeVC~ipad.swift */; };
		825A44EB1B66211B0095952B /* HomeVC~ipad.xib in Resources */ = {isa = PBXBuildFile; fileRef = 825A44E91B66211B0095952B /* HomeVC~ipad.xib */; };
		827F50081B74B817002ABE57 /* BaseCoreData.plist in Resources */ = {isa = PBXBuildFile; fileRef = 827F50071B74B817002ABE57 /* BaseCoreData.plist */; };
		828CC6CE1B71F3200098B7EC /* ShowStatus.swift in Sources */ = {isa = PBXBuildFile; fileRef = 828CC6CD1B71F3200098B7EC /* ShowStatus.swift */; };
		829144121B72003E00451EC2 /* PlayDetailView.swift in Sources */ = {isa = PBXBuildFile; fileRef = 829144111B72003E00451EC2 /* PlayDetailView.swift */; };
		829144141B72005400451EC2 /* PlayDetailView.xib in Resources */ = {isa = PBXBuildFile; fileRef = 829144131B72005400451EC2 /* PlayDetailView.xib */; };
		82A889251B673C02008B049C /* AddNewVC.swift in Sources */ = {isa = PBXBuildFile; fileRef = 82A889231B673C02008B049C /* AddNewVC.swift */; };
		82A889261B673C02008B049C /* AddNewVC.xib in Resources */ = {isa = PBXBuildFile; fileRef = 82A889241B673C02008B049C /* AddNewVC.xib */; };
		82A8892F1B674104008B049C /* Detail.swift in Sources */ = {isa = PBXBuildFile; fileRef = 82A8892D1B674104008B049C /* Detail.swift */; };
		82A889301B674104008B049C /* Detail.xib in Resources */ = {isa = PBXBuildFile; fileRef = 82A8892E1B674104008B049C /* Detail.xib */; };
		82B1FDEF1B785D4900741B25 /* apple.mp3 in Resources */ = {isa = PBXBuildFile; fileRef = 82B1FDA11B785D4900741B25 /* apple.mp3 */; };
		82B1FDF01B785D4900741B25 /* ic_apple.png in Resources */ = {isa = PBXBuildFile; fileRef = 82B1FDA21B785D4900741B25 /* ic_apple.png */; };
		82B1FDF11B785D4900741B25 /* bee.mp3 in Resources */ = {isa = PBXBuildFile; fileRef = 82B1FDA41B785D4900741B25 /* bee.mp3 */; };
		82B1FDF21B785D4900741B25 /* ic_bee.png in Resources */ = {isa = PBXBuildFile; fileRef = 82B1FDA51B785D4900741B25 /* ic_bee.png */; };
		82B1FDF31B785D4900741B25 /* car.mp3 in Resources */ = {isa = PBXBuildFile; fileRef = 82B1FDA71B785D4900741B25 /* car.mp3 */; };
		82B1FDF41B785D4900741B25 /* ic_car.png in Resources */ = {isa = PBXBuildFile; fileRef = 82B1FDA81B785D4900741B25 /* ic_car.png */; };
		82B1FDF51B785D4900741B25 /* deer.mp3 in Resources */ = {isa = PBXBuildFile; fileRef = 82B1FDAA1B785D4900741B25 /* deer.mp3 */; };
		82B1FDF61B785D4900741B25 /* ic_deer.png in Resources */ = {isa = PBXBuildFile; fileRef = 82B1FDAB1B785D4900741B25 /* ic_deer.png */; };
		82B1FDF71B785D4900741B25 /* elephant.mp3 in Resources */ = {isa = PBXBuildFile; fileRef = 82B1FDAD1B785D4900741B25 /* elephant.mp3 */; };
		82B1FDF81B785D4900741B25 /* ic_elephant.png in Resources */ = {isa = PBXBuildFile; fileRef = 82B1FDAE1B785D4900741B25 /* ic_elephant.png */; };
		82B1FDF91B785D4900741B25 /* fish.mp3 in Resources */ = {isa = PBXBuildFile; fileRef = 82B1FDB01B785D4900741B25 /* fish.mp3 */; };
		82B1FDFA1B785D4900741B25 /* ic_fish.png in Resources */ = {isa = PBXBuildFile; fileRef = 82B1FDB11B785D4900741B25 /* ic_fish.png */; };
		82B1FDFB1B785D4900741B25 /* grape.mp3 in Resources */ = {isa = PBXBuildFile; fileRef = 82B1FDB31B785D4900741B25 /* grape.mp3 */; };
		82B1FDFC1B785D4900741B25 /* ic_grape.png in Resources */ = {isa = PBXBuildFile; fileRef = 82B1FDB41B785D4900741B25 /* ic_grape.png */; };
		82B1FDFD1B785D4900741B25 /* house.mp3 in Resources */ = {isa = PBXBuildFile; fileRef = 82B1FDB61B785D4900741B25 /* house.mp3 */; };
		82B1FDFE1B785D4900741B25 /* ic_house.png in Resources */ = {isa = PBXBuildFile; fileRef = 82B1FDB71B785D4900741B25 /* ic_house.png */; };
		82B1FDFF1B785D4900741B25 /* ic_ice_cream.png in Resources */ = {isa = PBXBuildFile; fileRef = 82B1FDB91B785D4900741B25 /* ic_ice_cream.png */; };
		82B1FE001B785D4900741B25 /* ice_cream.mp3 in Resources */ = {isa = PBXBuildFile; fileRef = 82B1FDBA1B785D4900741B25 /* ice_cream.mp3 */; };
		82B1FE011B785D4900741B25 /* ic_jelly.png in Resources */ = {isa = PBXBuildFile; fileRef = 82B1FDBC1B785D4900741B25 /* ic_jelly.png */; };
		82B1FE021B785D4900741B25 /* jelly.mp3 in Resources */ = {isa = PBXBuildFile; fileRef = 82B1FDBD1B785D4900741B25 /* jelly.mp3 */; };
		82B1FE031B785D4900741B25 /* ic_key.png in Resources */ = {isa = PBXBuildFile; fileRef = 82B1FDBF1B785D4900741B25 /* ic_key.png */; };
		82B1FE041B785D4900741B25 /* key.mp3 in Resources */ = {isa = PBXBuildFile; fileRef = 82B1FDC01B785D4900741B25 /* key.mp3 */; };
		82B1FE051B785D4900741B25 /* ic_lion.png in Resources */ = {isa = PBXBuildFile; fileRef = 82B1FDC21B785D4900741B25 /* ic_lion.png */; };
		82B1FE061B785D4900741B25 /* lion.mp3 in Resources */ = {isa = PBXBuildFile; fileRef = 82B1FDC31B785D4900741B25 /* lion.mp3 */; };
		82B1FE071B785D4900741B25 /* ic_monkey.png in Resources */ = {isa = PBXBuildFile; fileRef = 82B1FDC51B785D4900741B25 /* ic_monkey.png */; };
		82B1FE081B785D4900741B25 /* ic_monkey2.png in Resources */ = {isa = PBXBuildFile; fileRef = 82B1FDC61B785D4900741B25 /* ic_monkey2.png */; };
		82B1FE091B785D4900741B25 /* monkey.mp3 in Resources */ = {isa = PBXBuildFile; fileRef = 82B1FDC71B785D4900741B25 /* monkey.mp3 */; };
		82B1FE0A1B785D4900741B25 /* ic_nurse.png in Resources */ = {isa = PBXBuildFile; fileRef = 82B1FDC91B785D4900741B25 /* ic_nurse.png */; };
		82B1FE0B1B785D4900741B25 /* nurse.mp3 in Resources */ = {isa = PBXBuildFile; fileRef = 82B1FDCA1B785D4900741B25 /* nurse.mp3 */; };
		82B1FE0D1B785D4900741B25 /* orange.mp3 in Resources */ = {isa = PBXBuildFile; fileRef = 82B1FDCD1B785D4900741B25 /* orange.mp3 */; };
		82B1FE0E1B785D4900741B25 /* ic_pig.png in Resources */ = {isa = PBXBuildFile; fileRef = 82B1FDCF1B785D4900741B25 /* ic_pig.png */; };
		82B1FE0F1B785D4900741B25 /* pig.mp3 in Resources */ = {isa = PBXBuildFile; fileRef = 82B1FDD01B785D4900741B25 /* pig.mp3 */; };
		82B1FE101B785D4900741B25 /* ic_queen.png in Resources */ = {isa = PBXBuildFile; fileRef = 82B1FDD21B785D4900741B25 /* ic_queen.png */; };
		82B1FE111B785D4900741B25 /* queen.mp3 in Resources */ = {isa = PBXBuildFile; fileRef = 82B1FDD31B785D4900741B25 /* queen.mp3 */; };
		82B1FE121B785D4900741B25 /* ic_rain.png in Resources */ = {isa = PBXBuildFile; fileRef = 82B1FDD51B785D4900741B25 /* ic_rain.png */; };
		82B1FE131B785D4900741B25 /* rain.mp3 in Resources */ = {isa = PBXBuildFile; fileRef = 82B1FDD61B785D4900741B25 /* rain.mp3 */; };
		82B1FE141B785D4900741B25 /* ic_sheep.png in Resources */ = {isa = PBXBuildFile; fileRef = 82B1FDD81B785D4900741B25 /* ic_sheep.png */; };
		82B1FE151B785D4900741B25 /* sheep.mp3 in Resources */ = {isa = PBXBuildFile; fileRef = 82B1FDD91B785D4900741B25 /* sheep.mp3 */; };
		82B1FE161B785D4900741B25 /* ic_tree.png in Resources */ = {isa = PBXBuildFile; fileRef = 82B1FDDB1B785D4900741B25 /* ic_tree.png */; };
		82B1FE171B785D4900741B25 /* tree.mp3 in Resources */ = {isa = PBXBuildFile; fileRef = 82B1FDDC1B785D4900741B25 /* tree.mp3 */; };
		82B1FE181B785D4900741B25 /* ic_umbrella.png in Resources */ = {isa = PBXBuildFile; fileRef = 82B1FDDE1B785D4900741B25 /* ic_umbrella.png */; };
		82B1FE191B785D4900741B25 /* umbrella.mp3 in Resources */ = {isa = PBXBuildFile; fileRef = 82B1FDDF1B785D4900741B25 /* umbrella.mp3 */; };
		82B1FE1A1B785D4900741B25 /* ic_violin.png in Resources */ = {isa = PBXBuildFile; fileRef = 82B1FDE11B785D4900741B25 /* ic_violin.png */; };
		82B1FE1B1B785D4900741B25 /* violin.mp3 in Resources */ = {isa = PBXBuildFile; fileRef = 82B1FDE21B785D4900741B25 /* violin.mp3 */; };
		82B1FE1C1B785D4900741B25 /* ic_worm.png in Resources */ = {isa = PBXBuildFile; fileRef = 82B1FDE41B785D4900741B25 /* ic_worm.png */; };
		82B1FE1D1B785D4900741B25 /* worm.mp3 in Resources */ = {isa = PBXBuildFile; fileRef = 82B1FDE51B785D4900741B25 /* worm.mp3 */; };
		82B1FE1E1B785D4900741B25 /* ic_xylophone.png in Resources */ = {isa = PBXBuildFile; fileRef = 82B1FDE71B785D4900741B25 /* ic_xylophone.png */; };
		82B1FE1F1B785D4900741B25 /* xylophone.mp3 in Resources */ = {isa = PBXBuildFile; fileRef = 82B1FDE81B785D4900741B25 /* xylophone.mp3 */; };
		82B1FE201B785D4900741B25 /* ic_yak.png in Resources */ = {isa = PBXBuildFile; fileRef = 82B1FDEA1B785D4900741B25 /* ic_yak.png */; };
		82B1FE211B785D4900741B25 /* yak.mp3 in Resources */ = {isa = PBXBuildFile; fileRef = 82B1FDEB1B785D4900741B25 /* yak.mp3 */; };
		82B1FE221B785D4900741B25 /* ic_zebra.png in Resources */ = {isa = PBXBuildFile; fileRef = 82B1FDED1B785D4900741B25 /* ic_zebra.png */; };
		82B1FE231B785D4900741B25 /* zebra.mp3 in Resources */ = {isa = PBXBuildFile; fileRef = 82B1FDEE1B785D4900741B25 /* zebra.mp3 */; };
		82B1FE251B78975600741B25 /* ic_orange.png in Resources */ = {isa = PBXBuildFile; fileRef = 82B1FE241B78975600741B25 /* ic_orange.png */; };
		82BD3CEA1B60793A00B733EC /* HomeVC.swift in Sources */ = {isa = PBXBuildFile; fileRef = 82BD3CE81B60793A00B733EC /* HomeVC.swift */; };
		82BD3CEB1B60793A00B733EC /* HomeVC.xib in Resources */ = {isa = PBXBuildFile; fileRef = 82BD3CE91B60793A00B733EC /* HomeVC.xib */; };
		82BD3CF81B608EA100B733EC /* CircleImage.swift in Sources */ = {isa = PBXBuildFile; fileRef = 82BD3CF71B608EA100B733EC /* CircleImage.swift */; };
		82BD3CFA1B608EB600B733EC /* CircleImage.xib in Resources */ = {isa = PBXBuildFile; fileRef = 82BD3CF91B608EB600B733EC /* CircleImage.xib */; };
		82BD3CFD1B60A8F100B733EC /* HomeCell.swift in Sources */ = {isa = PBXBuildFile; fileRef = 82BD3CFB1B60A8F100B733EC /* HomeCell.swift */; };
		82BD3CFE1B60A8F100B733EC /* HomeCell.xib in Resources */ = {isa = PBXBuildFile; fileRef = 82BD3CFC1B60A8F100B733EC /* HomeCell.xib */; };
		82BD3D021B60B55000B733EC /* DetailVC_iPad.xib in Resources */ = {isa = PBXBuildFile; fileRef = 82BD3CFF1B60B55000B733EC /* DetailVC_iPad.xib */; };
		82BD3D031B60B55000B733EC /* DetailVC.swift in Sources */ = {isa = PBXBuildFile; fileRef = 82BD3D001B60B55000B733EC /* DetailVC.swift */; };
		82BD3D041B60B55000B733EC /* DetailVC.xib in Resources */ = {isa = PBXBuildFile; fileRef = 82BD3D011B60B55000B733EC /* DetailVC.xib */; };
		82BD3D071B60D56600B733EC /* AddNewCell.swift in Sources */ = {isa = PBXBuildFile; fileRef = 82BD3D051B60D56600B733EC /* AddNewCell.swift */; };
		82BD3D081B60D56600B733EC /* AddNewCell.xib in Resources */ = {isa = PBXBuildFile; fileRef = 82BD3D061B60D56600B733EC /* AddNewCell.xib */; };
		82BD3D0B1B60DB4200B733EC /* AddView.swift in Sources */ = {isa = PBXBuildFile; fileRef = 82BD3D0A1B60DB4200B733EC /* AddView.swift */; };
		82BD3D0D1B60DB5100B733EC /* AddView.xib in Resources */ = {isa = PBXBuildFile; fileRef = 82BD3D0C1B60DB5100B733EC /* AddView.xib */; };
		82C68E9D1B5F7716004C6AA8 /* LaunchScreen.xib in Resources */ = {isa = PBXBuildFile; fileRef = 82C68E971B5F7716004C6AA8 /* LaunchScreen.xib */; };
		82C68E9E1B5F7716004C6AA8 /* Main.storyboard in Resources */ = {isa = PBXBuildFile; fileRef = 82C68E991B5F7716004C6AA8 /* Main.storyboard */; };
		82C68EA01B5F7716004C6AA8 /* ViewController.swift in Sources */ = {isa = PBXBuildFile; fileRef = 82C68E9C1B5F7716004C6AA8 /* ViewController.swift */; };
		82C68EA31B5F772C004C6AA8 /* HowSay.xcdatamodeld in Sources */ = {isa = PBXBuildFile; fileRef = 82C68EA11B5F772C004C6AA8 /* HowSay.xcdatamodeld */; };
		82C68EA51B5F7736004C6AA8 /* Images.xcassets in Resources */ = {isa = PBXBuildFile; fileRef = 82C68EA41B5F7736004C6AA8 /* Images.xcassets */; };
		82F278571B719CF400A95020 /* WordObject.swift in Sources */ = {isa = PBXBuildFile; fileRef = 82F278561B719CF400A95020 /* WordObject.swift */; };
		9E06004B1B916DEF00E6FD66 /* StoreKit.framework in Frameworks */ = {isa = PBXBuildFile; fileRef = 9E06004A1B916DEF00E6FD66 /* StoreKit.framework */; };
/* End PBXBuildFile section */

/* Begin PBXFileReference section */
		823BC0BA1B5F7333007B3957 /* How Say - ABC.app */ = {isa = PBXFileReference; explicitFileType = wrapper.application; includeInIndex = 0; path = "How Say - ABC.app"; sourceTree = BUILT_PRODUCTS_DIR; };
		823BC0BE1B5F7333007B3957 /* Info.plist */ = {isa = PBXFileReference; lastKnownFileType = text.plist.xml; path = Info.plist; sourceTree = "<group>"; };
		823BC0D71B5F7334007B3957 /* Info.plist */ = {isa = PBXFileReference; lastKnownFileType = text.plist.xml; path = Info.plist; sourceTree = "<group>"; };
		823BC0D81B5F7334007B3957 /* HowSayTests.swift */ = {isa = PBXFileReference; lastKnownFileType = sourcecode.swift; path = HowSayTests.swift; sourceTree = "<group>"; };
		823BC0E41B5F7496007B3957 /* AppDelegate.swift */ = {isa = PBXFileReference; fileEncoding = 4; lastKnownFileType = sourcecode.swift; path = AppDelegate.swift; sourceTree = "<group>"; };
		825A44E81B66211B0095952B /* HomeVC~ipad.swift */ = {isa = PBXFileReference; fileEncoding = 4; lastKnownFileType = sourcecode.swift; path = "HomeVC~ipad.swift"; sourceTree = "<group>"; };
		825A44E91B66211B0095952B /* HomeVC~ipad.xib */ = {isa = PBXFileReference; fileEncoding = 4; lastKnownFileType = file.xib; path = "HomeVC~ipad.xib"; sourceTree = "<group>"; };
		827F50071B74B817002ABE57 /* BaseCoreData.plist */ = {isa = PBXFileReference; fileEncoding = 4; lastKnownFileType = text.plist.xml; path = BaseCoreData.plist; sourceTree = "<group>"; };
		828CC6CD1B71F3200098B7EC /* ShowStatus.swift */ = {isa = PBXFileReference; fileEncoding = 4; lastKnownFileType = sourcecode.swift; path = ShowStatus.swift; sourceTree = "<group>"; };
		829144111B72003E00451EC2 /* PlayDetailView.swift */ = {isa = PBXFileReference; fileEncoding = 4; lastKnownFileType = sourcecode.swift; path = PlayDetailView.swift; sourceTree = "<group>"; };
		829144131B72005400451EC2 /* PlayDetailView.xib */ = {isa = PBXFileReference; fileEncoding = 4; lastKnownFileType = file.xib; path = PlayDetailView.xib; sourceTree = "<group>"; };
		82A889231B673C02008B049C /* AddNewVC.swift */ = {isa = PBXFileReference; fileEncoding = 4; lastKnownFileType = sourcecode.swift; path = AddNewVC.swift; sourceTree = "<group>"; };
		82A889241B673C02008B049C /* AddNewVC.xib */ = {isa = PBXFileReference; fileEncoding = 4; lastKnownFileType = file.xib; path = AddNewVC.xib; sourceTree = "<group>"; };
		82A8892D1B674104008B049C /* Detail.swift */ = {isa = PBXFileReference; fileEncoding = 4; lastKnownFileType = sourcecode.swift; path = Detail.swift; sourceTree = "<group>"; };
		82A8892E1B674104008B049C /* Detail.xib */ = {isa = PBXFileReference; fileEncoding = 4; lastKnownFileType = file.xib; path = Detail.xib; sourceTree = "<group>"; };
		82B1FDA11B785D4900741B25 /* apple.mp3 */ = {isa = PBXFileReference; lastKnownFileType = audio.mp3; path = apple.mp3; sourceTree = "<group>"; };
		82B1FDA21B785D4900741B25 /* ic_apple.png */ = {isa = PBXFileReference; lastKnownFileType = image.png; path = ic_apple.png; sourceTree = "<group>"; };
		82B1FDA41B785D4900741B25 /* bee.mp3 */ = {isa = PBXFileReference; lastKnownFileType = audio.mp3; path = bee.mp3; sourceTree = "<group>"; };
		82B1FDA51B785D4900741B25 /* ic_bee.png */ = {isa = PBXFileReference; lastKnownFileType = image.png; path = ic_bee.png; sourceTree = "<group>"; };
		82B1FDA71B785D4900741B25 /* car.mp3 */ = {isa = PBXFileReference; lastKnownFileType = audio.mp3; path = car.mp3; sourceTree = "<group>"; };
		82B1FDA81B785D4900741B25 /* ic_car.png */ = {isa = PBXFileReference; lastKnownFileType = image.png; path = ic_car.png; sourceTree = "<group>"; };
		82B1FDAA1B785D4900741B25 /* deer.mp3 */ = {isa = PBXFileReference; lastKnownFileType = audio.mp3; path = deer.mp3; sourceTree = "<group>"; };
		82B1FDAB1B785D4900741B25 /* ic_deer.png */ = {isa = PBXFileReference; lastKnownFileType = image.png; path = ic_deer.png; sourceTree = "<group>"; };
		82B1FDAD1B785D4900741B25 /* elephant.mp3 */ = {isa = PBXFileReference; lastKnownFileType = audio.mp3; path = elephant.mp3; sourceTree = "<group>"; };
		82B1FDAE1B785D4900741B25 /* ic_elephant.png */ = {isa = PBXFileReference; lastKnownFileType = image.png; path = ic_elephant.png; sourceTree = "<group>"; };
		82B1FDB01B785D4900741B25 /* fish.mp3 */ = {isa = PBXFileReference; lastKnownFileType = audio.mp3; path = fish.mp3; sourceTree = "<group>"; };
		82B1FDB11B785D4900741B25 /* ic_fish.png */ = {isa = PBXFileReference; lastKnownFileType = image.png; path = ic_fish.png; sourceTree = "<group>"; };
		82B1FDB31B785D4900741B25 /* grape.mp3 */ = {isa = PBXFileReference; lastKnownFileType = audio.mp3; path = grape.mp3; sourceTree = "<group>"; };
		82B1FDB41B785D4900741B25 /* ic_grape.png */ = {isa = PBXFileReference; lastKnownFileType = image.png; path = ic_grape.png; sourceTree = "<group>"; };
		82B1FDB61B785D4900741B25 /* house.mp3 */ = {isa = PBXFileReference; lastKnownFileType = audio.mp3; path = house.mp3; sourceTree = "<group>"; };
		82B1FDB71B785D4900741B25 /* ic_house.png */ = {isa = PBXFileReference; lastKnownFileType = image.png; path = ic_house.png; sourceTree = "<group>"; };
		82B1FDB91B785D4900741B25 /* ic_ice_cream.png */ = {isa = PBXFileReference; lastKnownFileType = image.png; path = ic_ice_cream.png; sourceTree = "<group>"; };
		82B1FDBA1B785D4900741B25 /* ice_cream.mp3 */ = {isa = PBXFileReference; lastKnownFileType = audio.mp3; path = ice_cream.mp3; sourceTree = "<group>"; };
		82B1FDBC1B785D4900741B25 /* ic_jelly.png */ = {isa = PBXFileReference; lastKnownFileType = image.png; path = ic_jelly.png; sourceTree = "<group>"; };
		82B1FDBD1B785D4900741B25 /* jelly.mp3 */ = {isa = PBXFileReference; lastKnownFileType = audio.mp3; path = jelly.mp3; sourceTree = "<group>"; };
		82B1FDBF1B785D4900741B25 /* ic_key.png */ = {isa = PBXFileReference; lastKnownFileType = image.png; path = ic_key.png; sourceTree = "<group>"; };
		82B1FDC01B785D4900741B25 /* key.mp3 */ = {isa = PBXFileReference; lastKnownFileType = audio.mp3; path = key.mp3; sourceTree = "<group>"; };
		82B1FDC21B785D4900741B25 /* ic_lion.png */ = {isa = PBXFileReference; lastKnownFileType = image.png; path = ic_lion.png; sourceTree = "<group>"; };
		82B1FDC31B785D4900741B25 /* lion.mp3 */ = {isa = PBXFileReference; lastKnownFileType = audio.mp3; path = lion.mp3; sourceTree = "<group>"; };
		82B1FDC51B785D4900741B25 /* ic_monkey.png */ = {isa = PBXFileReference; lastKnownFileType = image.png; path = ic_monkey.png; sourceTree = "<group>"; };
		82B1FDC61B785D4900741B25 /* ic_monkey2.png */ = {isa = PBXFileReference; lastKnownFileType = image.png; path = ic_monkey2.png; sourceTree = "<group>"; };
		82B1FDC71B785D4900741B25 /* monkey.mp3 */ = {isa = PBXFileReference; lastKnownFileType = audio.mp3; path = monkey.mp3; sourceTree = "<group>"; };
		82B1FDC91B785D4900741B25 /* ic_nurse.png */ = {isa = PBXFileReference; lastKnownFileType = image.png; path = ic_nurse.png; sourceTree = "<group>"; };
		82B1FDCA1B785D4900741B25 /* nurse.mp3 */ = {isa = PBXFileReference; lastKnownFileType = audio.mp3; path = nurse.mp3; sourceTree = "<group>"; };
		82B1FDCD1B785D4900741B25 /* orange.mp3 */ = {isa = PBXFileReference; lastKnownFileType = audio.mp3; path = orange.mp3; sourceTree = "<group>"; };
		82B1FDCF1B785D4900741B25 /* ic_pig.png */ = {isa = PBXFileReference; lastKnownFileType = image.png; path = ic_pig.png; sourceTree = "<group>"; };
		82B1FDD01B785D4900741B25 /* pig.mp3 */ = {isa = PBXFileReference; lastKnownFileType = audio.mp3; path = pig.mp3; sourceTree = "<group>"; };
		82B1FDD21B785D4900741B25 /* ic_queen.png */ = {isa = PBXFileReference; lastKnownFileType = image.png; path = ic_queen.png; sourceTree = "<group>"; };
		82B1FDD31B785D4900741B25 /* queen.mp3 */ = {isa = PBXFileReference; lastKnownFileType = audio.mp3; path = queen.mp3; sourceTree = "<group>"; };
		82B1FDD51B785D4900741B25 /* ic_rain.png */ = {isa = PBXFileReference; lastKnownFileType = image.png; path = ic_rain.png; sourceTree = "<group>"; };
		82B1FDD61B785D4900741B25 /* rain.mp3 */ = {isa = PBXFileReference; lastKnownFileType = audio.mp3; path = rain.mp3; sourceTree = "<group>"; };
		82B1FDD81B785D4900741B25 /* ic_sheep.png */ = {isa = PBXFileReference; lastKnownFileType = image.png; path = ic_sheep.png; sourceTree = "<group>"; };
		82B1FDD91B785D4900741B25 /* sheep.mp3 */ = {isa = PBXFileReference; lastKnownFileType = audio.mp3; path = sheep.mp3; sourceTree = "<group>"; };
		82B1FDDB1B785D4900741B25 /* ic_tree.png */ = {isa = PBXFileReference; lastKnownFileType = image.png; path = ic_tree.png; sourceTree = "<group>"; };
		82B1FDDC1B785D4900741B25 /* tree.mp3 */ = {isa = PBXFileReference; lastKnownFileType = audio.mp3; path = tree.mp3; sourceTree = "<group>"; };
		82B1FDDE1B785D4900741B25 /* ic_umbrella.png */ = {isa = PBXFileReference; lastKnownFileType = image.png; path = ic_umbrella.png; sourceTree = "<group>"; };
		82B1FDDF1B785D4900741B25 /* umbrella.mp3 */ = {isa = PBXFileReference; lastKnownFileType = audio.mp3; path = umbrella.mp3; sourceTree = "<group>"; };
		82B1FDE11B785D4900741B25 /* ic_violin.png */ = {isa = PBXFileReference; lastKnownFileType = image.png; path = ic_violin.png; sourceTree = "<group>"; };
		82B1FDE21B785D4900741B25 /* violin.mp3 */ = {isa = PBXFileReference; lastKnownFileType = audio.mp3; path = violin.mp3; sourceTree = "<group>"; };
		82B1FDE41B785D4900741B25 /* ic_worm.png */ = {isa = PBXFileReference; lastKnownFileType = image.png; path = ic_worm.png; sourceTree = "<group>"; };
		82B1FDE51B785D4900741B25 /* worm.mp3 */ = {isa = PBXFileReference; lastKnownFileType = audio.mp3; path = worm.mp3; sourceTree = "<group>"; };
		82B1FDE71B785D4900741B25 /* ic_xylophone.png */ = {isa = PBXFileReference; lastKnownFileType = image.png; path = ic_xylophone.png; sourceTree = "<group>"; };
		82B1FDE81B785D4900741B25 /* xylophone.mp3 */ = {isa = PBXFileReference; lastKnownFileType = audio.mp3; path = xylophone.mp3; sourceTree = "<group>"; };
		82B1FDEA1B785D4900741B25 /* ic_yak.png */ = {isa = PBXFileReference; lastKnownFileType = image.png; path = ic_yak.png; sourceTree = "<group>"; };
		82B1FDEB1B785D4900741B25 /* yak.mp3 */ = {isa = PBXFileReference; lastKnownFileType = audio.mp3; path = yak.mp3; sourceTree = "<group>"; };
		82B1FDED1B785D4900741B25 /* ic_zebra.png */ = {isa = PBXFileReference; lastKnownFileType = image.png; path = ic_zebra.png; sourceTree = "<group>"; };
		82B1FDEE1B785D4900741B25 /* zebra.mp3 */ = {isa = PBXFileReference; lastKnownFileType = audio.mp3; path = zebra.mp3; sourceTree = "<group>"; };
		82B1FE241B78975600741B25 /* ic_orange.png */ = {isa = PBXFileReference; lastKnownFileType = image.png; path = ic_orange.png; sourceTree = "<group>"; };
		82BD3CE81B60793A00B733EC /* HomeVC.swift */ = {isa = PBXFileReference; fileEncoding = 4; lastKnownFileType = sourcecode.swift; path = HomeVC.swift; sourceTree = "<group>"; };
		82BD3CE91B60793A00B733EC /* HomeVC.xib */ = {isa = PBXFileReference; fileEncoding = 4; lastKnownFileType = file.xib; path = HomeVC.xib; sourceTree = "<group>"; };
		82BD3CF01B60823F00B733EC /* Constant.h */ = {isa = PBXFileReference; lastKnownFileType = sourcecode.c.h; path = Constant.h; sourceTree = "<group>"; };
		82BD3CF51B6085F800B733EC /* HowSay-Bridging_Header.h */ = {isa = PBXFileReference; lastKnownFileType = sourcecode.c.h; path = "HowSay-Bridging_Header.h"; sourceTree = "<group>"; };
		82BD3CF71B608EA100B733EC /* CircleImage.swift */ = {isa = PBXFileReference; fileEncoding = 4; lastKnownFileType = sourcecode.swift; path = CircleImage.swift; sourceTree = "<group>"; };
		82BD3CF91B608EB600B733EC /* CircleImage.xib */ = {isa = PBXFileReference; fileEncoding = 4; lastKnownFileType = file.xib; path = CircleImage.xib; sourceTree = "<group>"; };
		82BD3CFB1B60A8F100B733EC /* HomeCell.swift */ = {isa = PBXFileReference; fileEncoding = 4; lastKnownFileType = sourcecode.swift; path = HomeCell.swift; sourceTree = "<group>"; };
		82BD3CFC1B60A8F100B733EC /* HomeCell.xib */ = {isa = PBXFileReference; fileEncoding = 4; lastKnownFileType = file.xib; path = HomeCell.xib; sourceTree = "<group>"; };
		82BD3CFF1B60B55000B733EC /* DetailVC_iPad.xib */ = {isa = PBXFileReference; fileEncoding = 4; lastKnownFileType = file.xib; path = DetailVC_iPad.xib; sourceTree = "<group>"; };
		82BD3D001B60B55000B733EC /* DetailVC.swift */ = {isa = PBXFileReference; fileEncoding = 4; lastKnownFileType = sourcecode.swift; path = DetailVC.swift; sourceTree = "<group>"; };
		82BD3D011B60B55000B733EC /* DetailVC.xib */ = {isa = PBXFileReference; fileEncoding = 4; lastKnownFileType = file.xib; path = DetailVC.xib; sourceTree = "<group>"; };
		82BD3D051B60D56600B733EC /* AddNewCell.swift */ = {isa = PBXFileReference; fileEncoding = 4; lastKnownFileType = sourcecode.swift; path = AddNewCell.swift; sourceTree = "<group>"; };
		82BD3D061B60D56600B733EC /* AddNewCell.xib */ = {isa = PBXFileReference; fileEncoding = 4; lastKnownFileType = file.xib; path = AddNewCell.xib; sourceTree = "<group>"; };
		82BD3D0A1B60DB4200B733EC /* AddView.swift */ = {isa = PBXFileReference; fileEncoding = 4; lastKnownFileType = sourcecode.swift; path = AddView.swift; sourceTree = "<group>"; };
		82BD3D0C1B60DB5100B733EC /* AddView.xib */ = {isa = PBXFileReference; fileEncoding = 4; lastKnownFileType = file.xib; path = AddView.xib; sourceTree = "<group>"; };
		82C68E981B5F7716004C6AA8 /* Base */ = {isa = PBXFileReference; lastKnownFileType = file.xib; name = Base; path = LaunchScreen.xib; sourceTree = "<group>"; };
		82C68E9A1B5F7716004C6AA8 /* Base */ = {isa = PBXFileReference; lastKnownFileType = file.storyboard; name = Base; path = Main.storyboard; sourceTree = "<group>"; };
		82C68E9C1B5F7716004C6AA8 /* ViewController.swift */ = {isa = PBXFileReference; fileEncoding = 4; lastKnownFileType = sourcecode.swift; path = ViewController.swift; sourceTree = "<group>"; };
		82C68EA21B5F772C004C6AA8 /* HowSay.xcdatamodel */ = {isa = PBXFileReference; lastKnownFileType = wrapper.xcdatamodel; path = HowSay.xcdatamodel; sourceTree = "<group>"; };
		82C68EA41B5F7736004C6AA8 /* Images.xcassets */ = {isa = PBXFileReference; lastKnownFileType = folder.assetcatalog; path = Images.xcassets; sourceTree = "<group>"; };
		82F278561B719CF400A95020 /* WordObject.swift */ = {isa = PBXFileReference; fileEncoding = 4; lastKnownFileType = sourcecode.swift; path = WordObject.swift; sourceTree = "<group>"; };
		9E06004A1B916DEF00E6FD66 /* StoreKit.framework */ = {isa = PBXFileReference; lastKnownFileType = wrapper.framework; name = StoreKit.framework; path = System/Library/Frameworks/StoreKit.framework; sourceTree = SDKROOT; };
/* End PBXFileReference section */

/* Begin PBXFrameworksBuildPhase section */
		823BC0B71B5F7333007B3957 /* Frameworks */ = {
			isa = PBXFrameworksBuildPhase;
			buildActionMask = 2147483647;
			files = (
				9E06004B1B916DEF00E6FD66 /* StoreKit.framework in Frameworks */,
			);
			runOnlyForDeploymentPostprocessing = 0;
		};
/* End PBXFrameworksBuildPhase section */

/* Begin PBXGroup section */
		823BC0B11B5F7333007B3957 = {
			isa = PBXGroup;
			children = (
				9E06004A1B916DEF00E6FD66 /* StoreKit.framework */,
				823BC0BC1B5F7333007B3957 /* HowSay */,
				823BC0D51B5F7334007B3957 /* HowSayTests */,
				823BC0BB1B5F7333007B3957 /* Products */,
			);
			sourceTree = "<group>";
		};
		823BC0BB1B5F7333007B3957 /* Products */ = {
			isa = PBXGroup;
			children = (
				823BC0BA1B5F7333007B3957 /* How Say - ABC.app */,
			);
			name = Products;
			sourceTree = "<group>";
		};
		823BC0BC1B5F7333007B3957 /* HowSay */ = {
			isa = PBXGroup;
			children = (
				823BC0E21B5F7496007B3957 /* Classes */,
				823BC0F11B5F7496007B3957 /* Resoursce */,
				823BC0BD1B5F7333007B3957 /* Supporting Files */,
			);
			path = HowSay;
			sourceTree = "<group>";
		};
		823BC0BD1B5F7333007B3957 /* Supporting Files */ = {
			isa = PBXGroup;
			children = (
				823BC0BE1B5F7333007B3957 /* Info.plist */,
			);
			name = "Supporting Files";
			sourceTree = "<group>";
		};
		823BC0D51B5F7334007B3957 /* HowSayTests */ = {
			isa = PBXGroup;
			children = (
				823BC0D81B5F7334007B3957 /* HowSayTests.swift */,
				823BC0D61B5F7334007B3957 /* Supporting Files */,
			);
			path = HowSayTests;
			sourceTree = "<group>";
		};
		823BC0D61B5F7334007B3957 /* Supporting Files */ = {
			isa = PBXGroup;
			children = (
				823BC0D71B5F7334007B3957 /* Info.plist */,
			);
			name = "Supporting Files";
			sourceTree = "<group>";
		};
		823BC0E21B5F7496007B3957 /* Classes */ = {
			isa = PBXGroup;
			children = (
				82F278551B719CF400A95020 /* Model */,
				823BC0E31B5F7496007B3957 /* AppDelegate */,
				823BC0E51B5F7496007B3957 /* Base */,
				823BC0EA1B5F7496007B3957 /* Controller */,
				823BC0EE1B5F7496007B3957 /* Lib */,
				823BC0EF1B5F7496007B3957 /* View */,
			);
			path = Classes;
			sourceTree = "<group>";
		};
		823BC0E31B5F7496007B3957 /* AppDelegate */ = {
			isa = PBXGroup;
			children = (
				823BC0E41B5F7496007B3957 /* AppDelegate.swift */,
			);
			path = AppDelegate;
			sourceTree = "<group>";
		};
		823BC0E51B5F7496007B3957 /* Base */ = {
			isa = PBXGroup;
			children = (
				82A8891C1B671B3D008B049C /* Common */,
				82BD3CEF1B60823000B733EC /* Defines */,
				82C68E961B5F7716004C6AA8 /* Base.lproj */,
				82C68E9C1B5F7716004C6AA8 /* ViewController.swift */,
				823BC0E61B5F7496007B3957 /* BaseControllers */,
				823BC0E91B5F7496007B3957 /* WebServices */,
			);
			path = Base;
			sourceTree = "<group>";
		};
		823BC0E61B5F7496007B3957 /* BaseControllers */ = {
			isa = PBXGroup;
			children = (
			);
			path = BaseControllers;
			sourceTree = "<group>";
		};
		823BC0E91B5F7496007B3957 /* WebServices */ = {
			isa = PBXGroup;
			children = (
			);
			path = WebServices;
			sourceTree = "<group>";
		};
		823BC0EA1B5F7496007B3957 /* Controller */ = {
			isa = PBXGroup;
			children = (
				82BD3D0E1B60DBC000B733EC /* AddNewVC */,
				823BC0EB1B5F7496007B3957 /* DetailVC */,
				823BC0EC1B5F7496007B3957 /* HomeVC */,
			);
			path = Controller;
			sourceTree = "<group>";
		};
		823BC0EB1B5F7496007B3957 /* DetailVC */ = {
			isa = PBXGroup;
			children = (
				82BD3CFF1B60B55000B733EC /* DetailVC_iPad.xib */,
				82BD3D001B60B55000B733EC /* DetailVC.swift */,
				82BD3D011B60B55000B733EC /* DetailVC.xib */,
			);
			path = DetailVC;
			sourceTree = "<group>";
		};
		823BC0EC1B5F7496007B3957 /* HomeVC */ = {
			isa = PBXGroup;
			children = (
				825A44E81B66211B0095952B /* HomeVC~ipad.swift */,
				825A44E91B66211B0095952B /* HomeVC~ipad.xib */,
				823BC0ED1B5F7496007B3957 /* HomeCell */,
				82BD3CE81B60793A00B733EC /* HomeVC.swift */,
				82BD3CE91B60793A00B733EC /* HomeVC.xib */,
			);
			path = HomeVC;
			sourceTree = "<group>";
		};
		823BC0ED1B5F7496007B3957 /* HomeCell */ = {
			isa = PBXGroup;
			children = (
				82BD3CFB1B60A8F100B733EC /* HomeCell.swift */,
				82BD3CFC1B60A8F100B733EC /* HomeCell.xib */,
				82BD3D051B60D56600B733EC /* AddNewCell.swift */,
				82BD3D061B60D56600B733EC /* AddNewCell.xib */,
			);
			path = HomeCell;
			sourceTree = "<group>";
		};
		823BC0EE1B5F7496007B3957 /* Lib */ = {
			isa = PBXGroup;
			children = (
			);
			path = Lib;
			sourceTree = "<group>";
		};
		823BC0EF1B5F7496007B3957 /* View */ = {
			isa = PBXGroup;
			children = (
				829144101B72001D00451EC2 /* PlayDetailView */,
				828CC6CC1B71F3010098B7EC /* ShowStatus */,
				82A8892C1B674104008B049C /* DetailView */,
				82BD3D091B60DB0B00B733EC /* AddView */,
				82BD3CF61B608D5F00B733EC /* CircleImage */,
			);
			path = View;
			sourceTree = "<group>";
		};
		823BC0F11B5F7496007B3957 /* Resoursce */ = {
			isa = PBXGroup;
			children = (
				823BC0F21B5F7496007B3957 /* Data */,
				823BC0F31B5F7496007B3957 /* Image */,
			);
			path = Resoursce;
			sourceTree = "<group>";
		};
		823BC0F21B5F7496007B3957 /* Data */ = {
			isa = PBXGroup;
			children = (
				82B1FD9F1B785D4900741B25 /* dataHowsay */,
				82C68EA11B5F772C004C6AA8 /* HowSay.xcdatamodeld */,
				827F50071B74B817002ABE57 /* BaseCoreData.plist */,
			);
			path = Data;
			sourceTree = "<group>";
		};
		823BC0F31B5F7496007B3957 /* Image */ = {
			isa = PBXGroup;
			children = (
				82C68EA41B5F7736004C6AA8 /* Images.xcassets */,
			);
			path = Image;
			sourceTree = "<group>";
		};
		828CC6CC1B71F3010098B7EC /* ShowStatus */ = {
			isa = PBXGroup;
			children = (
				828CC6CD1B71F3200098B7EC /* ShowStatus.swift */,
			);
			path = ShowStatus;
			sourceTree = "<group>";
		};
		829144101B72001D00451EC2 /* PlayDetailView */ = {
			isa = PBXGroup;
			children = (
				829144111B72003E00451EC2 /* PlayDetailView.swift */,
				829144131B72005400451EC2 /* PlayDetailView.xib */,
			);
			path = PlayDetailView;
			sourceTree = "<group>";
		};
		82A8891C1B671B3D008B049C /* Common */ = {
			isa = PBXGroup;
			children = (
			);
			path = Common;
			sourceTree = "<group>";
		};
		82A8892C1B674104008B049C /* DetailView */ = {
			isa = PBXGroup;
			children = (
				82A8892D1B674104008B049C /* Detail.swift */,
				82A8892E1B674104008B049C /* Detail.xib */,
			);
			path = DetailView;
			sourceTree = "<group>";
		};
		82B1FD9F1B785D4900741B25 /* dataHowsay */ = {
			isa = PBXGroup;
			children = (
				82B1FDA01B785D4900741B25 /* A */,
				82B1FDA31B785D4900741B25 /* B */,
				82B1FDA61B785D4900741B25 /* C */,
				82B1FDA91B785D4900741B25 /* D */,
				82B1FDAC1B785D4900741B25 /* E */,
				82B1FDAF1B785D4900741B25 /* F */,
				82B1FDB21B785D4900741B25 /* G */,
				82B1FDB51B785D4900741B25 /* H */,
				82B1FDB81B785D4900741B25 /* I */,
				82B1FDBB1B785D4900741B25 /* J */,
				82B1FDBE1B785D4900741B25 /* K */,
				82B1FDC11B785D4900741B25 /* L */,
				82B1FDC41B785D4900741B25 /* M */,
				82B1FDC81B785D4900741B25 /* N */,
				82B1FDCB1B785D4900741B25 /* O */,
				82B1FDCE1B785D4900741B25 /* P */,
				82B1FDD11B785D4900741B25 /* Q */,
				82B1FDD41B785D4900741B25 /* R */,
				82B1FDD71B785D4900741B25 /* S */,
				82B1FDDA1B785D4900741B25 /* T */,
				82B1FDDD1B785D4900741B25 /* U */,
				82B1FDE01B785D4900741B25 /* V */,
				82B1FDE31B785D4900741B25 /* W */,
				82B1FDE61B785D4900741B25 /* X */,
				82B1FDE91B785D4900741B25 /* Y */,
				82B1FDEC1B785D4900741B25 /* Z */,
			);
			path = dataHowsay;
			sourceTree = "<group>";
		};
		82B1FDA01B785D4900741B25 /* A */ = {
			isa = PBXGroup;
			children = (
				82B1FDA11B785D4900741B25 /* apple.mp3 */,
				82B1FDA21B785D4900741B25 /* ic_apple.png */,
			);
			path = A;
			sourceTree = "<group>";
		};
		82B1FDA31B785D4900741B25 /* B */ = {
			isa = PBXGroup;
			children = (
				82B1FDA41B785D4900741B25 /* bee.mp3 */,
				82B1FDA51B785D4900741B25 /* ic_bee.png */,
			);
			path = B;
			sourceTree = "<group>";
		};
		82B1FDA61B785D4900741B25 /* C */ = {
			isa = PBXGroup;
			children = (
				82B1FDA71B785D4900741B25 /* car.mp3 */,
				82B1FDA81B785D4900741B25 /* ic_car.png */,
			);
			path = C;
			sourceTree = "<group>";
		};
		82B1FDA91B785D4900741B25 /* D */ = {
			isa = PBXGroup;
			children = (
				82B1FDAA1B785D4900741B25 /* deer.mp3 */,
				82B1FDAB1B785D4900741B25 /* ic_deer.png */,
			);
			path = D;
			sourceTree = "<group>";
		};
		82B1FDAC1B785D4900741B25 /* E */ = {
			isa = PBXGroup;
			children = (
				82B1FDAD1B785D4900741B25 /* elephant.mp3 */,
				82B1FDAE1B785D4900741B25 /* ic_elephant.png */,
			);
			path = E;
			sourceTree = "<group>";
		};
		82B1FDAF1B785D4900741B25 /* F */ = {
			isa = PBXGroup;
			children = (
				82B1FDB01B785D4900741B25 /* fish.mp3 */,
				82B1FDB11B785D4900741B25 /* ic_fish.png */,
			);
			path = F;
			sourceTree = "<group>";
		};
		82B1FDB21B785D4900741B25 /* G */ = {
			isa = PBXGroup;
			children = (
				82B1FDB31B785D4900741B25 /* grape.mp3 */,
				82B1FDB41B785D4900741B25 /* ic_grape.png */,
			);
			path = G;
			sourceTree = "<group>";
		};
		82B1FDB51B785D4900741B25 /* H */ = {
			isa = PBXGroup;
			children = (
				82B1FDB61B785D4900741B25 /* house.mp3 */,
				82B1FDB71B785D4900741B25 /* ic_house.png */,
			);
			path = H;
			sourceTree = "<group>";
		};
		82B1FDB81B785D4900741B25 /* I */ = {
			isa = PBXGroup;
			children = (
				82B1FDB91B785D4900741B25 /* ic_ice_cream.png */,
				82B1FDBA1B785D4900741B25 /* ice_cream.mp3 */,
			);
			path = I;
			sourceTree = "<group>";
		};
		82B1FDBB1B785D4900741B25 /* J */ = {
			isa = PBXGroup;
			children = (
				82B1FDBC1B785D4900741B25 /* ic_jelly.png */,
				82B1FDBD1B785D4900741B25 /* jelly.mp3 */,
			);
			path = J;
			sourceTree = "<group>";
		};
		82B1FDBE1B785D4900741B25 /* K */ = {
			isa = PBXGroup;
			children = (
				82B1FDBF1B785D4900741B25 /* ic_key.png */,
				82B1FDC01B785D4900741B25 /* key.mp3 */,
			);
			path = K;
			sourceTree = "<group>";
		};
		82B1FDC11B785D4900741B25 /* L */ = {
			isa = PBXGroup;
			children = (
				82B1FDC21B785D4900741B25 /* ic_lion.png */,
				82B1FDC31B785D4900741B25 /* lion.mp3 */,
			);
			path = L;
			sourceTree = "<group>";
		};
		82B1FDC41B785D4900741B25 /* M */ = {
			isa = PBXGroup;
			children = (
				82B1FDC51B785D4900741B25 /* ic_monkey.png */,
				82B1FDC61B785D4900741B25 /* ic_monkey2.png */,
				82B1FDC71B785D4900741B25 /* monkey.mp3 */,
			);
			path = M;
			sourceTree = "<group>";
		};
		82B1FDC81B785D4900741B25 /* N */ = {
			isa = PBXGroup;
			children = (
				82B1FDC91B785D4900741B25 /* ic_nurse.png */,
				82B1FDCA1B785D4900741B25 /* nurse.mp3 */,
			);
			path = N;
			sourceTree = "<group>";
		};
		82B1FDCB1B785D4900741B25 /* O */ = {
			isa = PBXGroup;
			children = (
				82B1FE241B78975600741B25 /* ic_orange.png */,
				82B1FDCD1B785D4900741B25 /* orange.mp3 */,
			);
			path = O;
			sourceTree = "<group>";
		};
		82B1FDCE1B785D4900741B25 /* P */ = {
			isa = PBXGroup;
			children = (
				82B1FDCF1B785D4900741B25 /* ic_pig.png */,
				82B1FDD01B785D4900741B25 /* pig.mp3 */,
			);
			path = P;
			sourceTree = "<group>";
		};
		82B1FDD11B785D4900741B25 /* Q */ = {
			isa = PBXGroup;
			children = (
				82B1FDD21B785D4900741B25 /* ic_queen.png */,
				82B1FDD31B785D4900741B25 /* queen.mp3 */,
			);
			path = Q;
			sourceTree = "<group>";
		};
		82B1FDD41B785D4900741B25 /* R */ = {
			isa = PBXGroup;
			children = (
				82B1FDD51B785D4900741B25 /* ic_rain.png */,
				82B1FDD61B785D4900741B25 /* rain.mp3 */,
			);
			path = R;
			sourceTree = "<group>";
		};
		82B1FDD71B785D4900741B25 /* S */ = {
			isa = PBXGroup;
			children = (
				82B1FDD81B785D4900741B25 /* ic_sheep.png */,
				82B1FDD91B785D4900741B25 /* sheep.mp3 */,
			);
			path = S;
			sourceTree = "<group>";
		};
		82B1FDDA1B785D4900741B25 /* T */ = {
			isa = PBXGroup;
			children = (
				82B1FDDB1B785D4900741B25 /* ic_tree.png */,
				82B1FDDC1B785D4900741B25 /* tree.mp3 */,
			);
			path = T;
			sourceTree = "<group>";
		};
		82B1FDDD1B785D4900741B25 /* U */ = {
			isa = PBXGroup;
			children = (
				82B1FDDE1B785D4900741B25 /* ic_umbrella.png */,
				82B1FDDF1B785D4900741B25 /* umbrella.mp3 */,
			);
			path = U;
			sourceTree = "<group>";
		};
		82B1FDE01B785D4900741B25 /* V */ = {
			isa = PBXGroup;
			children = (
				82B1FDE11B785D4900741B25 /* ic_violin.png */,
				82B1FDE21B785D4900741B25 /* violin.mp3 */,
			);
			path = V;
			sourceTree = "<group>";
		};
		82B1FDE31B785D4900741B25 /* W */ = {
			isa = PBXGroup;
			children = (
				82B1FDE41B785D4900741B25 /* ic_worm.png */,
				82B1FDE51B785D4900741B25 /* worm.mp3 */,
			);
			path = W;
			sourceTree = "<group>";
		};
		82B1FDE61B785D4900741B25 /* X */ = {
			isa = PBXGroup;
			children = (
				82B1FDE71B785D4900741B25 /* ic_xylophone.png */,
				82B1FDE81B785D4900741B25 /* xylophone.mp3 */,
			);
			path = X;
			sourceTree = "<group>";
		};
		82B1FDE91B785D4900741B25 /* Y */ = {
			isa = PBXGroup;
			children = (
				82B1FDEA1B785D4900741B25 /* ic_yak.png */,
				82B1FDEB1B785D4900741B25 /* yak.mp3 */,
			);
			path = Y;
			sourceTree = "<group>";
		};
		82B1FDEC1B785D4900741B25 /* Z */ = {
			isa = PBXGroup;
			children = (
				82B1FDED1B785D4900741B25 /* ic_zebra.png */,
				82B1FDEE1B785D4900741B25 /* zebra.mp3 */,
			);
			path = Z;
			sourceTree = "<group>";
		};
		82BD3CEF1B60823000B733EC /* Defines */ = {
			isa = PBXGroup;
			children = (
				82BD3CF01B60823F00B733EC /* Constant.h */,
				82BD3CF51B6085F800B733EC /* HowSay-Bridging_Header.h */,
			);
			path = Defines;
			sourceTree = "<group>";
		};
		82BD3CF61B608D5F00B733EC /* CircleImage */ = {
			isa = PBXGroup;
			children = (
				82BD3CF71B608EA100B733EC /* CircleImage.swift */,
				82BD3CF91B608EB600B733EC /* CircleImage.xib */,
			);
			path = CircleImage;
			sourceTree = "<group>";
		};
		82BD3D091B60DB0B00B733EC /* AddView */ = {
			isa = PBXGroup;
			children = (
				82BD3D0A1B60DB4200B733EC /* AddView.swift */,
				82BD3D0C1B60DB5100B733EC /* AddView.xib */,
			);
			path = AddView;
			sourceTree = "<group>";
		};
		82BD3D0E1B60DBC000B733EC /* AddNewVC */ = {
			isa = PBXGroup;
			children = (
				82A889231B673C02008B049C /* AddNewVC.swift */,
				82A889241B673C02008B049C /* AddNewVC.xib */,
			);
			path = AddNewVC;
			sourceTree = "<group>";
		};
		82C68E961B5F7716004C6AA8 /* Base.lproj */ = {
			isa = PBXGroup;
			children = (
				82C68E971B5F7716004C6AA8 /* LaunchScreen.xib */,
				82C68E991B5F7716004C6AA8 /* Main.storyboard */,
			);
			path = Base.lproj;
			sourceTree = "<group>";
		};
		82F278551B719CF400A95020 /* Model */ = {
			isa = PBXGroup;
			children = (
				82F278561B719CF400A95020 /* WordObject.swift */,
			);
			path = Model;
			sourceTree = "<group>";
		};
/* End PBXGroup section */

/* Begin PBXNativeTarget section */
		823BC0B91B5F7333007B3957 /* HowSay */ = {
			isa = PBXNativeTarget;
			buildConfigurationList = 823BC0DC1B5F7334007B3957 /* Build configuration list for PBXNativeTarget "HowSay" */;
			buildPhases = (
				823BC0B61B5F7333007B3957 /* Sources */,
				823BC0B71B5F7333007B3957 /* Frameworks */,
				823BC0B81B5F7333007B3957 /* Resources */,
			);
			buildRules = (
			);
			dependencies = (
			);
			name = HowSay;
			productName = HowSay;
			productReference = 823BC0BA1B5F7333007B3957 /* How Say - ABC.app */;
			productType = "com.apple.product-type.application";
		};
/* End PBXNativeTarget section */

/* Begin PBXProject section */
		823BC0B21B5F7333007B3957 /* Project object */ = {
			isa = PBXProject;
			attributes = {
				LastSwiftUpdateCheck = 0700;
				LastUpgradeCheck = 0640;
				ORGANIZATIONNAME = asiantech;
				TargetAttributes = {
					823BC0B91B5F7333007B3957 = {
						CreatedOnToolsVersion = 6.4;
						DevelopmentTeam = QG598U658S;
						SystemCapabilities = {
							com.apple.InAppPurchase = {
								enabled = 1;
							};
						};
					};
				};
			};
			buildConfigurationList = 823BC0B51B5F7333007B3957 /* Build configuration list for PBXProject "HowSay" */;
			compatibilityVersion = "Xcode 3.2";
			developmentRegion = English;
			hasScannedForEncodings = 0;
			knownRegions = (
				en,
				Base,
			);
			mainGroup = 823BC0B11B5F7333007B3957;
			productRefGroup = 823BC0BB1B5F7333007B3957 /* Products */;
			projectDirPath = "";
			projectRoot = "";
			targets = (
				823BC0B91B5F7333007B3957 /* HowSay */,
			);
		};
/* End PBXProject section */

/* Begin PBXResourcesBuildPhase section */
		823BC0B81B5F7333007B3957 /* Resources */ = {
			isa = PBXResourcesBuildPhase;
			buildActionMask = 2147483647;
			files = (
				82B1FDF21B785D4900741B25 /* ic_bee.png in Resources */,
				82B1FE021B785D4900741B25 /* jelly.mp3 in Resources */,
				82A889261B673C02008B049C /* AddNewVC.xib in Resources */,
				82BD3CFE1B60A8F100B733EC /* HomeCell.xib in Resources */,
				82B1FDF71B785D4900741B25 /* elephant.mp3 in Resources */,
				82B1FE1A1B785D4900741B25 /* ic_violin.png in Resources */,
				82B1FE211B785D4900741B25 /* yak.mp3 in Resources */,
				82B1FE111B785D4900741B25 /* queen.mp3 in Resources */,
				82B1FE1D1B785D4900741B25 /* worm.mp3 in Resources */,
				82B1FE171B785D4900741B25 /* tree.mp3 in Resources */,
				82B1FE011B785D4900741B25 /* ic_jelly.png in Resources */,
				82B1FE071B785D4900741B25 /* ic_monkey.png in Resources */,
				827F50081B74B817002ABE57 /* BaseCoreData.plist in Resources */,
				82B1FDF11B785D4900741B25 /* bee.mp3 in Resources */,
				82B1FDFF1B785D4900741B25 /* ic_ice_cream.png in Resources */,
				82B1FE231B785D4900741B25 /* zebra.mp3 in Resources */,
				82B1FE191B785D4900741B25 /* umbrella.mp3 in Resources */,
				82BD3D041B60B55000B733EC /* DetailVC.xib in Resources */,
				82B1FDFD1B785D4900741B25 /* house.mp3 in Resources */,
				82B1FE0E1B785D4900741B25 /* ic_pig.png in Resources */,
				82B1FE1B1B785D4900741B25 /* violin.mp3 in Resources */,
				82B1FE251B78975600741B25 /* ic_orange.png in Resources */,
				82B1FDF81B785D4900741B25 /* ic_elephant.png in Resources */,
				82B1FDFC1B785D4900741B25 /* ic_grape.png in Resources */,
				82B1FDF91B785D4900741B25 /* fish.mp3 in Resources */,
				82B1FE0A1B785D4900741B25 /* ic_nurse.png in Resources */,
				82B1FDFA1B785D4900741B25 /* ic_fish.png in Resources */,
				82BD3D081B60D56600B733EC /* AddNewCell.xib in Resources */,
				82B1FE201B785D4900741B25 /* ic_yak.png in Resources */,
				82B1FDF31B785D4900741B25 /* car.mp3 in Resources */,
				82B1FE051B785D4900741B25 /* ic_lion.png in Resources */,
				82B1FE161B785D4900741B25 /* ic_tree.png in Resources */,
				82B1FE0F1B785D4900741B25 /* pig.mp3 in Resources */,
				82B1FE0D1B785D4900741B25 /* orange.mp3 in Resources */,
				82B1FE1E1B785D4900741B25 /* ic_xylophone.png in Resources */,
				82B1FE031B785D4900741B25 /* ic_key.png in Resources */,
				82B1FDF61B785D4900741B25 /* ic_deer.png in Resources */,
				82C68E9D1B5F7716004C6AA8 /* LaunchScreen.xib in Resources */,
				825A44EB1B66211B0095952B /* HomeVC~ipad.xib in Resources */,
				82B1FE1C1B785D4900741B25 /* ic_worm.png in Resources */,
				82B1FE131B785D4900741B25 /* rain.mp3 in Resources */,
				82B1FE181B785D4900741B25 /* ic_umbrella.png in Resources */,
				82B1FDF51B785D4900741B25 /* deer.mp3 in Resources */,
				82BD3CEB1B60793A00B733EC /* HomeVC.xib in Resources */,
				82B1FE101B785D4900741B25 /* ic_queen.png in Resources */,
				82B1FDF41B785D4900741B25 /* ic_car.png in Resources */,
				82B1FE141B785D4900741B25 /* ic_sheep.png in Resources */,
				82BD3D021B60B55000B733EC /* DetailVC_iPad.xib in Resources */,
				82B1FE091B785D4900741B25 /* monkey.mp3 in Resources */,
				82B1FE081B785D4900741B25 /* ic_monkey2.png in Resources */,
				82B1FDEF1B785D4900741B25 /* apple.mp3 in Resources */,
				82B1FE041B785D4900741B25 /* key.mp3 in Resources */,
				82B1FE221B785D4900741B25 /* ic_zebra.png in Resources */,
				82B1FE121B785D4900741B25 /* ic_rain.png in Resources */,
				82B1FE1F1B785D4900741B25 /* xylophone.mp3 in Resources */,
				82B1FE0B1B785D4900741B25 /* nurse.mp3 in Resources */,
				82B1FDF01B785D4900741B25 /* ic_apple.png in Resources */,
				82B1FE061B785D4900741B25 /* lion.mp3 in Resources */,
				82C68EA51B5F7736004C6AA8 /* Images.xcassets in Resources */,
				82B1FDFB1B785D4900741B25 /* grape.mp3 in Resources */,
				82B1FE151B785D4900741B25 /* sheep.mp3 in Resources */,
				829144141B72005400451EC2 /* PlayDetailView.xib in Resources */,
				82C68E9E1B5F7716004C6AA8 /* Main.storyboard in Resources */,
				82B1FE001B785D4900741B25 /* ice_cream.mp3 in Resources */,
				82A889301B674104008B049C /* Detail.xib in Resources */,
				82BD3D0D1B60DB5100B733EC /* AddView.xib in Resources */,
				82B1FDFE1B785D4900741B25 /* ic_house.png in Resources */,
				82BD3CFA1B608EB600B733EC /* CircleImage.xib in Resources */,
			);
			runOnlyForDeploymentPostprocessing = 0;
		};
/* End PBXResourcesBuildPhase section */

/* Begin PBXSourcesBuildPhase section */
		823BC0B61B5F7333007B3957 /* Sources */ = {
			isa = PBXSourcesBuildPhase;
			buildActionMask = 2147483647;
			files = (
				82BD3D071B60D56600B733EC /* AddNewCell.swift in Sources */,
				82C68EA01B5F7716004C6AA8 /* ViewController.swift in Sources */,
				82A8892F1B674104008B049C /* Detail.swift in Sources */,
				82F278571B719CF400A95020 /* WordObject.swift in Sources */,
				825A44EA1B66211B0095952B /* HomeVC~ipad.swift in Sources */,
				82BD3D0B1B60DB4200B733EC /* AddView.swift in Sources */,
				829144121B72003E00451EC2 /* PlayDetailView.swift in Sources */,
				82BD3CFD1B60A8F100B733EC /* HomeCell.swift in Sources */,
				82A889251B673C02008B049C /* AddNewVC.swift in Sources */,
				82BD3CEA1B60793A00B733EC /* HomeVC.swift in Sources */,
				82BD3CF81B608EA100B733EC /* CircleImage.swift in Sources */,
				82BD3D031B60B55000B733EC /* DetailVC.swift in Sources */,
				823BC0F41B5F7496007B3957 /* AppDelegate.swift in Sources */,
				828CC6CE1B71F3200098B7EC /* ShowStatus.swift in Sources */,
				82C68EA31B5F772C004C6AA8 /* HowSay.xcdatamodeld in Sources */,
			);
			runOnlyForDeploymentPostprocessing = 0;
		};
/* End PBXSourcesBuildPhase section */

/* Begin PBXVariantGroup section */
		82C68E971B5F7716004C6AA8 /* LaunchScreen.xib */ = {
			isa = PBXVariantGroup;
			children = (
				82C68E981B5F7716004C6AA8 /* Base */,
			);
			name = LaunchScreen.xib;
			sourceTree = "<group>";
		};
		82C68E991B5F7716004C6AA8 /* Main.storyboard */ = {
			isa = PBXVariantGroup;
			children = (
				82C68E9A1B5F7716004C6AA8 /* Base */,
			);
			name = Main.storyboard;
			sourceTree = "<group>";
		};
/* End PBXVariantGroup section */

/* Begin XCBuildConfiguration section */
		823BC0DA1B5F7334007B3957 /* Debug */ = {
			isa = XCBuildConfiguration;
			buildSettings = {
				ALWAYS_SEARCH_USER_PATHS = NO;
				CLANG_CXX_LANGUAGE_STANDARD = "gnu++0x";
				CLANG_CXX_LIBRARY = "libc++";
				CLANG_ENABLE_MODULES = YES;
				CLANG_ENABLE_OBJC_ARC = YES;
				CLANG_WARN_BOOL_CONVERSION = YES;
				CLANG_WARN_CONSTANT_CONVERSION = YES;
				CLANG_WARN_DIRECT_OBJC_ISA_USAGE = YES_ERROR;
				CLANG_WARN_EMPTY_BODY = YES;
				CLANG_WARN_ENUM_CONVERSION = YES;
				CLANG_WARN_INT_CONVERSION = YES;
				CLANG_WARN_OBJC_ROOT_CLASS = YES_ERROR;
				CLANG_WARN_UNREACHABLE_CODE = YES;
				CLANG_WARN__DUPLICATE_METHOD_MATCH = YES;
				CODE_SIGN_IDENTITY = "iPhone Distribution: Tien Le";
				"CODE_SIGN_IDENTITY[sdk=iphoneos*]" = "iPhone Distribution: Tien Le";
				COPY_PHASE_STRIP = NO;
				DEBUG_INFORMATION_FORMAT = "dwarf-with-dsym";
				ENABLE_STRICT_OBJC_MSGSEND = YES;
				GCC_C_LANGUAGE_STANDARD = gnu99;
				GCC_DYNAMIC_NO_PIC = NO;
				GCC_NO_COMMON_BLOCKS = YES;
				GCC_OPTIMIZATION_LEVEL = 0;
				GCC_PREPROCESSOR_DEFINITIONS = (
					"DEBUG=1",
					"$(inherited)",
				);
				GCC_SYMBOLS_PRIVATE_EXTERN = NO;
				GCC_WARN_64_TO_32_BIT_CONVERSION = YES;
				GCC_WARN_ABOUT_RETURN_TYPE = YES_ERROR;
				GCC_WARN_UNDECLARED_SELECTOR = YES;
				GCC_WARN_UNINITIALIZED_AUTOS = YES_AGGRESSIVE;
				GCC_WARN_UNUSED_FUNCTION = YES;
				GCC_WARN_UNUSED_VARIABLE = YES;
				IPHONEOS_DEPLOYMENT_TARGET = 8.4;
				MTL_ENABLE_DEBUG_INFO = YES;
				ONLY_ACTIVE_ARCH = YES;
				PROVISIONING_PROFILE = "f7adf242-2388-4dc2-9080-d11d3de634b2";
				SDKROOT = iphoneos;
				SWIFT_OPTIMIZATION_LEVEL = "-Onone";
				TARGETED_DEVICE_FAMILY = "1,2";
			};
			name = Debug;
		};
		823BC0DB1B5F7334007B3957 /* Release */ = {
			isa = XCBuildConfiguration;
			buildSettings = {
				ALWAYS_SEARCH_USER_PATHS = NO;
				CLANG_CXX_LANGUAGE_STANDARD = "gnu++0x";
				CLANG_CXX_LIBRARY = "libc++";
				CLANG_ENABLE_MODULES = YES;
				CLANG_ENABLE_OBJC_ARC = YES;
				CLANG_WARN_BOOL_CONVERSION = YES;
				CLANG_WARN_CONSTANT_CONVERSION = YES;
				CLANG_WARN_DIRECT_OBJC_ISA_USAGE = YES_ERROR;
				CLANG_WARN_EMPTY_BODY = YES;
				CLANG_WARN_ENUM_CONVERSION = YES;
				CLANG_WARN_INT_CONVERSION = YES;
				CLANG_WARN_OBJC_ROOT_CLASS = YES_ERROR;
				CLANG_WARN_UNREACHABLE_CODE = YES;
				CLANG_WARN__DUPLICATE_METHOD_MATCH = YES;
				CODE_SIGN_IDENTITY = "iPhone Distribution: Tien Le";
				"CODE_SIGN_IDENTITY[sdk=iphoneos*]" = "iPhone Distribution: Tien Le";
				COPY_PHASE_STRIP = NO;
				DEBUG_INFORMATION_FORMAT = "dwarf-with-dsym";
				ENABLE_NS_ASSERTIONS = NO;
				ENABLE_STRICT_OBJC_MSGSEND = YES;
				GCC_C_LANGUAGE_STANDARD = gnu99;
				GCC_NO_COMMON_BLOCKS = YES;
				GCC_WARN_64_TO_32_BIT_CONVERSION = YES;
				GCC_WARN_ABOUT_RETURN_TYPE = YES_ERROR;
				GCC_WARN_UNDECLARED_SELECTOR = YES;
				GCC_WARN_UNINITIALIZED_AUTOS = YES_AGGRESSIVE;
				GCC_WARN_UNUSED_FUNCTION = YES;
				GCC_WARN_UNUSED_VARIABLE = YES;
				IPHONEOS_DEPLOYMENT_TARGET = 8.4;
				MTL_ENABLE_DEBUG_INFO = NO;
				PROVISIONING_PROFILE = "f7adf242-2388-4dc2-9080-d11d3de634b2";
				SDKROOT = iphoneos;
				TARGETED_DEVICE_FAMILY = "1,2";
				VALIDATE_PRODUCT = YES;
			};
			name = Release;
		};
		823BC0DD1B5F7334007B3957 /* Debug */ = {
			isa = XCBuildConfiguration;
			buildSettings = {
				ASSETCATALOG_COMPILER_APPICON_NAME = AppIcon;
				CODE_SIGN_IDENTITY = "iPhone Developer";
				"CODE_SIGN_IDENTITY[sdk=iphoneos*]" = "iPhone Developer";
				GCC_PREPROCESSOR_DEFINITIONS = "DEBUG=1";
				INFOPLIST_FILE = HowSay/Info.plist;
				IPHONEOS_DEPLOYMENT_TARGET = 8.0;
				LD_RUNPATH_SEARCH_PATHS = "$(inherited) @executable_path/Frameworks";
				PRODUCT_NAME = "How Say - ABC";
				PROVISIONING_PROFILE = "";
				SWIFT_OBJC_BRIDGING_HEADER = "HowSay/Classes/Base/Defines/HowSay-Bridging_Header.h";
				SWIFT_OPTIMIZATION_LEVEL = "-Onone";
				TARGETED_DEVICE_FAMILY = "1,2";
			};
			name = Debug;
		};
		823BC0DE1B5F7334007B3957 /* Release */ = {
			isa = XCBuildConfiguration;
			buildSettings = {
				ASSETCATALOG_COMPILER_APPICON_NAME = AppIcon;
				CODE_SIGN_IDENTITY = "iPhone Developer";
				"CODE_SIGN_IDENTITY[sdk=iphoneos*]" = "iPhone Developer";
				GCC_PREPROCESSOR_DEFINITIONS = "";
				INFOPLIST_FILE = HowSay/Info.plist;
				IPHONEOS_DEPLOYMENT_TARGET = 8.0;
				LD_RUNPATH_SEARCH_PATHS = "$(inherited) @executable_path/Frameworks";
				PRODUCT_NAME = "How Say - ABC";
				PROVISIONING_PROFILE = "";
				SWIFT_OBJC_BRIDGING_HEADER = "HowSay/Classes/Base/Defines/HowSay-Bridging_Header.h";
				SWIFT_OPTIMIZATION_LEVEL = "-Onone";
				TARGETED_DEVICE_FAMILY = "1,2";
			};
			name = Release;
		};
/* End XCBuildConfiguration section */

/* Begin XCConfigurationList section */
		823BC0B51B5F7333007B3957 /* Build configuration list for PBXProject "HowSay" */ = {
			isa = XCConfigurationList;
			buildConfigurations = (
				823BC0DA1B5F7334007B3957 /* Debug */,
				823BC0DB1B5F7334007B3957 /* Release */,
			);
			defaultConfigurationIsVisible = 0;
			defaultConfigurationName = Release;
		};
		823BC0DC1B5F7334007B3957 /* Build configuration list for PBXNativeTarget "HowSay" */ = {
			isa = XCConfigurationList;
			buildConfigurations = (
				823BC0DD1B5F7334007B3957 /* Debug */,
				823BC0DE1B5F7334007B3957 /* Release */,
			);
			defaultConfigurationIsVisible = 0;
			defaultConfigurationName = Release;
		};
/* End XCConfigurationList section */

/* Begin XCVersionGroup section */
		82C68EA11B5F772C004C6AA8 /* HowSay.xcdatamodeld */ = {
			isa = XCVersionGroup;
			children = (
				82C68EA21B5F772C004C6AA8 /* HowSay.xcdatamodel */,
			);
			currentVersion = 82C68EA21B5F772C004C6AA8 /* HowSay.xcdatamodel */;
			path = HowSay.xcdatamodeld;
			sourceTree = "<group>";
			versionGroupType = wrapper.xcdatamodel;
		};
/* End XCVersionGroup section */
	};
	rootObject = 823BC0B21B5F7333007B3957 /* Project object */;
}
